PODS:
  - AFNetworking (4.0.1):
    - AFNetworking/NSURLSession (= 4.0.1)
    - AFNetworking/Reachability (= 4.0.1)
    - AFNetworking/Security (= 4.0.1)
    - AFNetworking/Serialization (= 4.0.1)
    - AFNetworking/UIKit (= 4.0.1)
  - BmobSDK (2.4.1)
  - SDWebImage (5.8.4):
    - SDWebImage/Core (= 5.8.4)
  - SDWebImage/Core (5.8.4)

DEPENDENCIES:
  - AFNetworking
  - BmobSDK
  - SDWebImage (~> 5.0)

SPEC REPOS:
  trunk:
    - AFNetworking
    - BmobSDK
    - SDWebImage

SPEC CHECKSUMS:
  AFNetworking: 7864c38297c79aaca1500c33288e429c3451fdce
  BmobSDK: 930525437e6602f7146108e11a9796604a1edbb9
  SDWebImage: cf6922231e95550934da2ada0f20f2becf2ceba9

PODFILE CHECKSUM: c3bd083181459122bd117be5e58274dc7d1b6b4f

COCOAPODS: 1.9.3
