// !$*UTF8*$!
{
	archiveVersion = 1;
	classes = {
	};
	objectVersion = 50;
	objects = {

/* Begin PBXBuildFile section */
		181485A3251B8FFB00FBD4C6 /* AppDelegate.m in Sources */ = {isa = PBXBuildFile; fileRef = 181485A2251B8FFB00FBD4C6 /* AppDelegate.m */; };
		181485A6251B8FFB00FBD4C6 /* SceneDelegate.m in Sources */ = {isa = PBXBuildFile; fileRef = 181485A5251B8FFB00FBD4C6 /* SceneDelegate.m */; };
		181485A9251B8FFB00FBD4C6 /* ViewController.m in Sources */ = {isa = PBXBuildFile; fileRef = 181485A8251B8FFB00FBD4C6 /* ViewController.m */; };
		181485AC251B8FFB00FBD4C6 /* Main.storyboard in Resources */ = {isa = PBXBuildFile; fileRef = 181485AA251B8FFB00FBD4C6 /* Main.storyboard */; };
		181485AE251B8FFD00FBD4C6 /* Assets.xcassets in Resources */ = {isa = PBXBuildFile; fileRef = 181485AD251B8FFD00FBD4C6 /* Assets.xcassets */; };
		181485B1251B8FFD00FBD4C6 /* LaunchScreen.storyboard in Resources */ = {isa = PBXBuildFile; fileRef = 181485AF251B8FFD00FBD4C6 /* LaunchScreen.storyboard */; };
		181485B4251B8FFD00FBD4C6 /* main.m in Sources */ = {isa = PBXBuildFile; fileRef = 181485B3251B8FFD00FBD4C6 /* main.m */; };
		181485BE251B8FFE00FBD4C6 /* HeartSlowIOSTests.m in Sources */ = {isa = PBXBuildFile; fileRef = 181485BD251B8FFE00FBD4C6 /* HeartSlowIOSTests.m */; };
		181485C9251B8FFE00FBD4C6 /* HeartSlowIOSUITests.m in Sources */ = {isa = PBXBuildFile; fileRef = 181485C8251B8FFE00FBD4C6 /* HeartSlowIOSUITests.m */; };
		70C0DF40984D9729D67C1DD8 /* libPods-HeartSlowIOS.a in Frameworks */ = {isa = PBXBuildFile; fileRef = E816A01046C12D070F6AF432 /* libPods-HeartSlowIOS.a */; };
		CAE98FAC251E158D005C53E9 /* JHSHomeViewController.m in Sources */ = {isa = PBXBuildFile; fileRef = CAE98FAB251E158D005C53E9 /* JHSHomeViewController.m */; };
		CAE98FB7251E1923005C53E9 /* icon.bundle in Resources */ = {isa = PBXBuildFile; fileRef = CAE98FB6251E1923005C53E9 /* icon.bundle */; };
		CAE98FBE251E1D78005C53E9 /* JHSFindViewController.m in Sources */ = {isa = PBXBuildFile; fileRef = CAE98FBD251E1D78005C53E9 /* JHSFindViewController.m */; };
		CAE98FC5251E1DAA005C53E9 /* JHSChatViewController.m in Sources */ = {isa = PBXBuildFile; fileRef = CAE98FC4251E1DAA005C53E9 /* JHSChatViewController.m */; };
		CAE98FCF251E1DF1005C53E9 /* JHSPersonalViewController.m in Sources */ = {isa = PBXBuildFile; fileRef = CAE98FCE251E1DF1005C53E9 /* JHSPersonalViewController.m */; };
		CAE98FE825203DCF005C53E9 /* JHSWebViewViewController.m in Sources */ = {isa = PBXBuildFile; fileRef = CAE98FE725203DCF005C53E9 /* JHSWebViewViewController.m */; };
		CAF1315D253FDB5000D4557E /* JHSImageSliderCell.m in Sources */ = {isa = PBXBuildFile; fileRef = CAF1315C253FDB5000D4557E /* JHSImageSliderCell.m */; };
		CAF13163253FDBCD00D4557E /* JHSImageSliderView.m in Sources */ = {isa = PBXBuildFile; fileRef = CAF13162253FDBCD00D4557E /* JHSImageSliderView.m */; };
/* End PBXBuildFile section */

/* Begin PBXContainerItemProxy section */
		181485BA251B8FFE00FBD4C6 /* PBXContainerItemProxy */ = {
			isa = PBXContainerItemProxy;
			containerPortal = 18148596251B8FFB00FBD4C6 /* Project object */;
			proxyType = 1;
			remoteGlobalIDString = 1814859D251B8FFB00FBD4C6;
			remoteInfo = HeartSlowIOS;
		};
		181485C5251B8FFE00FBD4C6 /* PBXContainerItemProxy */ = {
			isa = PBXContainerItemProxy;
			containerPortal = 18148596251B8FFB00FBD4C6 /* Project object */;
			proxyType = 1;
			remoteGlobalIDString = 1814859D251B8FFB00FBD4C6;
			remoteInfo = HeartSlowIOS;
		};
/* End PBXContainerItemProxy section */

/* Begin PBXFileReference section */
		0DF7A5AD4EB71170867D1F61 /* Pods-HeartSlowIOS.debug.xcconfig */ = {isa = PBXFileReference; includeInIndex = 1; lastKnownFileType = text.xcconfig; name = "Pods-HeartSlowIOS.debug.xcconfig"; path = "Target Support Files/Pods-HeartSlowIOS/Pods-HeartSlowIOS.debug.xcconfig"; sourceTree = "<group>"; };
		1814859E251B8FFB00FBD4C6 /* HeartSlowIOS.app */ = {isa = PBXFileReference; explicitFileType = wrapper.application; includeInIndex = 0; path = HeartSlowIOS.app; sourceTree = BUILT_PRODUCTS_DIR; };
		181485A1251B8FFB00FBD4C6 /* AppDelegate.h */ = {isa = PBXFileReference; lastKnownFileType = sourcecode.c.h; path = AppDelegate.h; sourceTree = "<group>"; };
		181485A2251B8FFB00FBD4C6 /* AppDelegate.m */ = {isa = PBXFileReference; lastKnownFileType = sourcecode.c.objc; path = AppDelegate.m; sourceTree = "<group>"; };
		181485A4251B8FFB00FBD4C6 /* SceneDelegate.h */ = {isa = PBXFileReference; lastKnownFileType = sourcecode.c.h; path = SceneDelegate.h; sourceTree = "<group>"; };
		181485A5251B8FFB00FBD4C6 /* SceneDelegate.m */ = {isa = PBXFileReference; lastKnownFileType = sourcecode.c.objc; path = SceneDelegate.m; sourceTree = "<group>"; };
		181485A7251B8FFB00FBD4C6 /* ViewController.h */ = {isa = PBXFileReference; lastKnownFileType = sourcecode.c.h; path = ViewController.h; sourceTree = "<group>"; };
		181485A8251B8FFB00FBD4C6 /* ViewController.m */ = {isa = PBXFileReference; lastKnownFileType = sourcecode.c.objc; path = ViewController.m; sourceTree = "<group>"; };
		181485AB251B8FFB00FBD4C6 /* Base */ = {isa = PBXFileReference; lastKnownFileType = file.storyboard; name = Base; path = Base.lproj/Main.storyboard; sourceTree = "<group>"; };
		181485AD251B8FFD00FBD4C6 /* Assets.xcassets */ = {isa = PBXFileReference; lastKnownFileType = folder.assetcatalog; path = Assets.xcassets; sourceTree = "<group>"; };
		181485B0251B8FFD00FBD4C6 /* Base */ = {isa = PBXFileReference; lastKnownFileType = file.storyboard; name = Base; path = Base.lproj/LaunchScreen.storyboard; sourceTree = "<group>"; };
		181485B2251B8FFD00FBD4C6 /* Info.plist */ = {isa = PBXFileReference; lastKnownFileType = text.plist.xml; path = Info.plist; sourceTree = "<group>"; };
		181485B3251B8FFD00FBD4C6 /* main.m */ = {isa = PBXFileReference; lastKnownFileType = sourcecode.c.objc; path = main.m; sourceTree = "<group>"; };
		181485B9251B8FFE00FBD4C6 /* HeartSlowIOSTests.xctest */ = {isa = PBXFileReference; explicitFileType = wrapper.cfbundle; includeInIndex = 0; path = HeartSlowIOSTests.xctest; sourceTree = BUILT_PRODUCTS_DIR; };
		181485BD251B8FFE00FBD4C6 /* HeartSlowIOSTests.m */ = {isa = PBXFileReference; lastKnownFileType = sourcecode.c.objc; path = HeartSlowIOSTests.m; sourceTree = "<group>"; };
		181485BF251B8FFE00FBD4C6 /* Info.plist */ = {isa = PBXFileReference; lastKnownFileType = text.plist.xml; path = Info.plist; sourceTree = "<group>"; };
		181485C4251B8FFE00FBD4C6 /* HeartSlowIOSUITests.xctest */ = {isa = PBXFileReference; explicitFileType = wrapper.cfbundle; includeInIndex = 0; path = HeartSlowIOSUITests.xctest; sourceTree = BUILT_PRODUCTS_DIR; };
		181485C8251B8FFE00FBD4C6 /* HeartSlowIOSUITests.m */ = {isa = PBXFileReference; lastKnownFileType = sourcecode.c.objc; path = HeartSlowIOSUITests.m; sourceTree = "<group>"; };
		181485CA251B8FFE00FBD4C6 /* Info.plist */ = {isa = PBXFileReference; lastKnownFileType = text.plist.xml; path = Info.plist; sourceTree = "<group>"; };
		3C2181F46007DCBA1E5C760B /* Pods-HeartSlowIOS.release.xcconfig */ = {isa = PBXFileReference; includeInIndex = 1; lastKnownFileType = text.xcconfig; name = "Pods-HeartSlowIOS.release.xcconfig"; path = "Target Support Files/Pods-HeartSlowIOS/Pods-HeartSlowIOS.release.xcconfig"; sourceTree = "<group>"; };
		CAE98FAA251E158D005C53E9 /* JHSHomeViewController.h */ = {isa = PBXFileReference; lastKnownFileType = sourcecode.c.h; path = JHSHomeViewController.h; sourceTree = "<group>"; };
		CAE98FAB251E158D005C53E9 /* JHSHomeViewController.m */ = {isa = PBXFileReference; lastKnownFileType = sourcecode.c.objc; path = JHSHomeViewController.m; sourceTree = "<group>"; };
		CAE98FB6251E1923005C53E9 /* icon.bundle */ = {isa = PBXFileReference; lastKnownFileType = "wrapper.plug-in"; path = icon.bundle; sourceTree = "<group>"; };
		CAE98FBC251E1D78005C53E9 /* JHSFindViewController.h */ = {isa = PBXFileReference; lastKnownFileType = sourcecode.c.h; path = JHSFindViewController.h; sourceTree = "<group>"; };
		CAE98FBD251E1D78005C53E9 /* JHSFindViewController.m */ = {isa = PBXFileReference; lastKnownFileType = sourcecode.c.objc; path = JHSFindViewController.m; sourceTree = "<group>"; };
		CAE98FC3251E1DAA005C53E9 /* JHSChatViewController.h */ = {isa = PBXFileReference; lastKnownFileType = sourcecode.c.h; path = JHSChatViewController.h; sourceTree = "<group>"; };
		CAE98FC4251E1DAA005C53E9 /* JHSChatViewController.m */ = {isa = PBXFileReference; lastKnownFileType = sourcecode.c.objc; path = JHSChatViewController.m; sourceTree = "<group>"; };
		CAE98FCD251E1DF1005C53E9 /* JHSPersonalViewController.h */ = {isa = PBXFileReference; lastKnownFileType = sourcecode.c.h; path = JHSPersonalViewController.h; sourceTree = "<group>"; };
		CAE98FCE251E1DF1005C53E9 /* JHSPersonalViewController.m */ = {isa = PBXFileReference; lastKnownFileType = sourcecode.c.objc; path = JHSPersonalViewController.m; sourceTree = "<group>"; };
		CAE98FE625203DCF005C53E9 /* JHSWebViewViewController.h */ = {isa = PBXFileReference; lastKnownFileType = sourcecode.c.h; path = JHSWebViewViewController.h; sourceTree = "<group>"; };
		CAE98FE725203DCF005C53E9 /* JHSWebViewViewController.m */ = {isa = PBXFileReference; lastKnownFileType = sourcecode.c.objc; path = JHSWebViewViewController.m; sourceTree = "<group>"; };
		CAF1315B253FDB4F00D4557E /* JHSImageSliderCell.h */ = {isa = PBXFileReference; lastKnownFileType = sourcecode.c.h; path = JHSImageSliderCell.h; sourceTree = "<group>"; };
		CAF1315C253FDB5000D4557E /* JHSImageSliderCell.m */ = {isa = PBXFileReference; lastKnownFileType = sourcecode.c.objc; path = JHSImageSliderCell.m; sourceTree = "<group>"; };
		CAF13161253FDBCD00D4557E /* JHSImageSliderView.h */ = {isa = PBXFileReference; lastKnownFileType = sourcecode.c.h; path = JHSImageSliderView.h; sourceTree = "<group>"; };
		CAF13162253FDBCD00D4557E /* JHSImageSliderView.m */ = {isa = PBXFileReference; lastKnownFileType = sourcecode.c.objc; path = JHSImageSliderView.m; sourceTree = "<group>"; };
		E816A01046C12D070F6AF432 /* libPods-HeartSlowIOS.a */ = {isa = PBXFileReference; explicitFileType = archive.ar; includeInIndex = 0; path = "libPods-HeartSlowIOS.a"; sourceTree = BUILT_PRODUCTS_DIR; };
/* End PBXFileReference section */

/* Begin PBXFrameworksBuildPhase section */
		1814859B251B8FFB00FBD4C6 /* Frameworks */ = {
			isa = PBXFrameworksBuildPhase;
			buildActionMask = 2147483647;
			files = (
				70C0DF40984D9729D67C1DD8 /* libPods-HeartSlowIOS.a in Frameworks */,
			);
			runOnlyForDeploymentPostprocessing = 0;
		};
		181485B6251B8FFE00FBD4C6 /* Frameworks */ = {
			isa = PBXFrameworksBuildPhase;
			buildActionMask = 2147483647;
			files = (
			);
			runOnlyForDeploymentPostprocessing = 0;
		};
		181485C1251B8FFE00FBD4C6 /* Frameworks */ = {
			isa = PBXFrameworksBuildPhase;
			buildActionMask = 2147483647;
			files = (
			);
			runOnlyForDeploymentPostprocessing = 0;
		};
/* End PBXFrameworksBuildPhase section */

/* Begin PBXGroup section */
		05CD0E9BFF112A9EAFE74134 /* Pods */ = {
			isa = PBXGroup;
			children = (
				0DF7A5AD4EB71170867D1F61 /* Pods-HeartSlowIOS.debug.xcconfig */,
				3C2181F46007DCBA1E5C760B /* Pods-HeartSlowIOS.release.xcconfig */,
			);
			path = Pods;
			sourceTree = "<group>";
		};
		18148595251B8FFB00FBD4C6 = {
			isa = PBXGroup;
			children = (
				181485A0251B8FFB00FBD4C6 /* HeartSlowIOS */,
				181485BC251B8FFE00FBD4C6 /* HeartSlowIOSTests */,
				181485C7251B8FFE00FBD4C6 /* HeartSlowIOSUITests */,
				1814859F251B8FFB00FBD4C6 /* Products */,
				05CD0E9BFF112A9EAFE74134 /* Pods */,
				AF43DF253C0635DD177BE1BC /* Frameworks */,
			);
			sourceTree = "<group>";
		};
		1814859F251B8FFB00FBD4C6 /* Products */ = {
			isa = PBXGroup;
			children = (
				1814859E251B8FFB00FBD4C6 /* HeartSlowIOS.app */,
				181485B9251B8FFE00FBD4C6 /* HeartSlowIOSTests.xctest */,
				181485C4251B8FFE00FBD4C6 /* HeartSlowIOSUITests.xctest */,
			);
			name = Products;
			sourceTree = "<group>";
		};
		181485A0251B8FFB00FBD4C6 /* HeartSlowIOS */ = {
			isa = PBXGroup;
			children = (
				CAE98FED25203FD5005C53E9 /* Utils */,
				CAE98FCC251E1DBA005C53E9 /* PersonalController */,
				CAE98FC2251E1D94005C53E9 /* ChatController */,
				CAE98FBB251E1D55005C53E9 /* FindController */,
				CA12353C251E139500AEF18D /* HomeController */,
				181485A1251B8FFB00FBD4C6 /* AppDelegate.h */,
				181485A2251B8FFB00FBD4C6 /* AppDelegate.m */,
				181485A4251B8FFB00FBD4C6 /* SceneDelegate.h */,
				181485A5251B8FFB00FBD4C6 /* SceneDelegate.m */,
				181485A7251B8FFB00FBD4C6 /* ViewController.h */,
				181485A8251B8FFB00FBD4C6 /* ViewController.m */,
				181485AA251B8FFB00FBD4C6 /* Main.storyboard */,
				181485AD251B8FFD00FBD4C6 /* Assets.xcassets */,
				181485AF251B8FFD00FBD4C6 /* LaunchScreen.storyboard */,
				181485B2251B8FFD00FBD4C6 /* Info.plist */,
				181485B3251B8FFD00FBD4C6 /* main.m */,
				CAE98FB6251E1923005C53E9 /* icon.bundle */,
			);
			path = HeartSlowIOS;
			sourceTree = "<group>";
		};
		181485BC251B8FFE00FBD4C6 /* HeartSlowIOSTests */ = {
			isa = PBXGroup;
			children = (
				181485BD251B8FFE00FBD4C6 /* HeartSlowIOSTests.m */,
				181485BF251B8FFE00FBD4C6 /* Info.plist */,
			);
			path = HeartSlowIOSTests;
			sourceTree = "<group>";
		};
		181485C7251B8FFE00FBD4C6 /* HeartSlowIOSUITests */ = {
			isa = PBXGroup;
			children = (
				181485C8251B8FFE00FBD4C6 /* HeartSlowIOSUITests.m */,
				181485CA251B8FFE00FBD4C6 /* Info.plist */,
			);
			path = HeartSlowIOSUITests;
			sourceTree = "<group>";
		};
		AF43DF253C0635DD177BE1BC /* Frameworks */ = {
			isa = PBXGroup;
			children = (
				E816A01046C12D070F6AF432 /* libPods-HeartSlowIOS.a */,
			);
			name = Frameworks;
			sourceTree = "<group>";
		};
		CA12353C251E139500AEF18D /* HomeController */ = {
			isa = PBXGroup;
			children = (
				CAE98FE525203D9E005C53E9 /* webview */,
				CAE98FA9251E14FE005C53E9 /* Controller */,
				CAE98FA8251E14EC005C53E9 /* Model */,
				CAE98FA7251E14D9005C53E9 /* View */,
			);
			path = HomeController;
			sourceTree = "<group>";
		};
		CAE98FA7251E14D9005C53E9 /* View */ = {
			isa = PBXGroup;
			children = (
				CAF1315B253FDB4F00D4557E /* JHSImageSliderCell.h */,
				CAF1315C253FDB5000D4557E /* JHSImageSliderCell.m */,
				CAF13161253FDBCD00D4557E /* JHSImageSliderView.h */,
				CAF13162253FDBCD00D4557E /* JHSImageSliderView.m */,
			);
			path = View;
			sourceTree = "<group>";
		};
		CAE98FA8251E14EC005C53E9 /* Model */ = {
			isa = PBXGroup;
			children = (
			);
			path = Model;
			sourceTree = "<group>";
		};
		CAE98FA9251E14FE005C53E9 /* Controller */ = {
			isa = PBXGroup;
			children = (
				CAE98FAA251E158D005C53E9 /* JHSHomeViewController.h */,
				CAE98FAB251E158D005C53E9 /* JHSHomeViewController.m */,
			);
			path = Controller;
			sourceTree = "<group>";
		};
		CAE98FBB251E1D55005C53E9 /* FindController */ = {
			isa = PBXGroup;
			children = (
				CAE98FBC251E1D78005C53E9 /* JHSFindViewController.h */,
				CAE98FBD251E1D78005C53E9 /* JHSFindViewController.m */,
			);
			path = FindController;
			sourceTree = "<group>";
		};
		CAE98FC2251E1D94005C53E9 /* ChatController */ = {
			isa = PBXGroup;
			children = (
				CAE98FC3251E1DAA005C53E9 /* JHSChatViewController.h */,
				CAE98FC4251E1DAA005C53E9 /* JHSChatViewController.m */,
			);
			path = ChatController;
			sourceTree = "<group>";
		};
		CAE98FCC251E1DBA005C53E9 /* PersonalController */ = {
			isa = PBXGroup;
			children = (
				CAE98FCD251E1DF1005C53E9 /* JHSPersonalViewController.h */,
				CAE98FCE251E1DF1005C53E9 /* JHSPersonalViewController.m */,
			);
			path = PersonalController;
			sourceTree = "<group>";
		};
		CAE98FE525203D9E005C53E9 /* webview */ = {
			isa = PBXGroup;
			children = (
				CAE98FE625203DCF005C53E9 /* JHSWebViewViewController.h */,
				CAE98FE725203DCF005C53E9 /* JHSWebViewViewController.m */,
			);
			path = webview;
			sourceTree = "<group>";
		};
		CAE98FED25203FD5005C53E9 /* Utils */ = {
			isa = PBXGroup;
			children = (
			);
			path = Utils;
			sourceTree = "<group>";
		};
/* End PBXGroup section */

/* Begin PBXNativeTarget section */
		1814859D251B8FFB00FBD4C6 /* HeartSlowIOS */ = {
			isa = PBXNativeTarget;
			buildConfigurationList = 181485CD251B8FFE00FBD4C6 /* Build configuration list for PBXNativeTarget "HeartSlowIOS" */;
			buildPhases = (
				A67CD7AE4D990008B3C1F1FE /* [CP] Check Pods Manifest.lock */,
				1814859A251B8FFB00FBD4C6 /* Sources */,
				1814859B251B8FFB00FBD4C6 /* Frameworks */,
				1814859C251B8FFB00FBD4C6 /* Resources */,
			);
			buildRules = (
			);
			dependencies = (
			);
			name = HeartSlowIOS;
			productName = HeartSlowIOS;
			productReference = 1814859E251B8FFB00FBD4C6 /* HeartSlowIOS.app */;
			productType = "com.apple.product-type.application";
		};
		181485B8251B8FFE00FBD4C6 /* HeartSlowIOSTests */ = {
			isa = PBXNativeTarget;
			buildConfigurationList = 181485D0251B8FFE00FBD4C6 /* Build configuration list for PBXNativeTarget "HeartSlowIOSTests" */;
			buildPhases = (
				181485B5251B8FFE00FBD4C6 /* Sources */,
				181485B6251B8FFE00FBD4C6 /* Frameworks */,
				181485B7251B8FFE00FBD4C6 /* Resources */,
			);
			buildRules = (
			);
			dependencies = (
				181485BB251B8FFE00FBD4C6 /* PBXTargetDependency */,
			);
			name = HeartSlowIOSTests;
			productName = HeartSlowIOSTests;
			productReference = 181485B9251B8FFE00FBD4C6 /* HeartSlowIOSTests.xctest */;
			productType = "com.apple.product-type.bundle.unit-test";
		};
		181485C3251B8FFE00FBD4C6 /* HeartSlowIOSUITests */ = {
			isa = PBXNativeTarget;
			buildConfigurationList = 181485D3251B8FFE00FBD4C6 /* Build configuration list for PBXNativeTarget "HeartSlowIOSUITests" */;
			buildPhases = (
				181485C0251B8FFE00FBD4C6 /* Sources */,
				181485C1251B8FFE00FBD4C6 /* Frameworks */,
				181485C2251B8FFE00FBD4C6 /* Resources */,
			);
			buildRules = (
			);
			dependencies = (
				181485C6251B8FFE00FBD4C6 /* PBXTargetDependency */,
			);
			name = HeartSlowIOSUITests;
			productName = HeartSlowIOSUITests;
			productReference = 181485C4251B8FFE00FBD4C6 /* HeartSlowIOSUITests.xctest */;
			productType = "com.apple.product-type.bundle.ui-testing";
		};
/* End PBXNativeTarget section */

/* Begin PBXProject section */
		18148596251B8FFB00FBD4C6 /* Project object */ = {
			isa = PBXProject;
			attributes = {
				LastUpgradeCheck = 1130;
				ORGANIZATIONNAME = Eileenjiang;
				TargetAttributes = {
					1814859D251B8FFB00FBD4C6 = {
						CreatedOnToolsVersion = 11.3.1;
					};
					181485B8251B8FFE00FBD4C6 = {
						CreatedOnToolsVersion = 11.3.1;
						TestTargetID = 1814859D251B8FFB00FBD4C6;
					};
					181485C3251B8FFE00FBD4C6 = {
						CreatedOnToolsVersion = 11.3.1;
						TestTargetID = 1814859D251B8FFB00FBD4C6;
					};
				};
			};
			buildConfigurationList = 18148599251B8FFB00FBD4C6 /* Build configuration list for PBXProject "HeartSlowIOS" */;
			compatibilityVersion = "Xcode 9.3";
			developmentRegion = en;
			hasScannedForEncodings = 0;
			knownRegions = (
				en,
				Base,
			);
			mainGroup = 18148595251B8FFB00FBD4C6;
			productRefGroup = 1814859F251B8FFB00FBD4C6 /* Products */;
			projectDirPath = "";
			projectRoot = "";
			targets = (
				1814859D251B8FFB00FBD4C6 /* HeartSlowIOS */,
				181485B8251B8FFE00FBD4C6 /* HeartSlowIOSTests */,
				181485C3251B8FFE00FBD4C6 /* HeartSlowIOSUITests */,
			);
		};
/* End PBXProject section */

/* Begin PBXResourcesBuildPhase section */
		1814859C251B8FFB00FBD4C6 /* Resources */ = {
			isa = PBXResourcesBuildPhase;
			buildActionMask = 2147483647;
			files = (
				CAE98FB7251E1923005C53E9 /* icon.bundle in Resources */,
				181485B1251B8FFD00FBD4C6 /* LaunchScreen.storyboard in Resources */,
				181485AE251B8FFD00FBD4C6 /* Assets.xcassets in Resources */,
				181485AC251B8FFB00FBD4C6 /* Main.storyboard in Resources */,
			);
			runOnlyForDeploymentPostprocessing = 0;
		};
		181485B7251B8FFE00FBD4C6 /* Resources */ = {
			isa = PBXResourcesBuildPhase;
			buildActionMask = 2147483647;
			files = (
			);
			runOnlyForDeploymentPostprocessing = 0;
		};
		181485C2251B8FFE00FBD4C6 /* Resources */ = {
			isa = PBXResourcesBuildPhase;
			buildActionMask = 2147483647;
			files = (
			);
			runOnlyForDeploymentPostprocessing = 0;
		};
/* End PBXResourcesBuildPhase section */

/* Begin PBXShellScriptBuildPhase section */
		A67CD7AE4D990008B3C1F1FE /* [CP] Check Pods Manifest.lock */ = {
			isa = PBXShellScriptBuildPhase;
			buildActionMask = 2147483647;
			files = (
			);
			inputFileListPaths = (
			);
			inputPaths = (
				"${PODS_PODFILE_DIR_PATH}/Podfile.lock",
				"${PODS_ROOT}/Manifest.lock",
			);
			name = "[CP] Check Pods Manifest.lock";
			outputFileListPaths = (
			);
			outputPaths = (
				"$(DERIVED_FILE_DIR)/Pods-HeartSlowIOS-checkManifestLockResult.txt",
			);
			runOnlyForDeploymentPostprocessing = 0;
			shellPath = /bin/sh;
			shellScript = "diff \"${PODS_PODFILE_DIR_PATH}/Podfile.lock\" \"${PODS_ROOT}/Manifest.lock\" > /dev/null\nif [ $? != 0 ] ; then\n    # print error to STDERR\n    echo \"error: The sandbox is not in sync with the Podfile.lock. Run 'pod install' or update your CocoaPods installation.\" >&2\n    exit 1\nfi\n# This output is used by Xcode 'outputs' to avoid re-running this script phase.\necho \"SUCCESS\" > \"${SCRIPT_OUTPUT_FILE_0}\"\n";
			showEnvVarsInLog = 0;
		};
/* End PBXShellScriptBuildPhase section */

/* Begin PBXSourcesBuildPhase section */
		1814859A251B8FFB00FBD4C6 /* Sources */ = {
			isa = PBXSourcesBuildPhase;
			buildActionMask = 2147483647;
			files = (
				CAF13163253FDBCD00D4557E /* JHSImageSliderView.m in Sources */,
				CAE98FAC251E158D005C53E9 /* JHSHomeViewController.m in Sources */,
				181485A9251B8FFB00FBD4C6 /* ViewController.m in Sources */,
				CAF1315D253FDB5000D4557E /* JHSImageSliderCell.m in Sources */,
				181485A3251B8FFB00FBD4C6 /* AppDelegate.m in Sources */,
				CAE98FBE251E1D78005C53E9 /* JHSFindViewController.m in Sources */,
				181485B4251B8FFD00FBD4C6 /* main.m in Sources */,
				CAE98FC5251E1DAA005C53E9 /* JHSChatViewController.m in Sources */,
				CAE98FCF251E1DF1005C53E9 /* JHSPersonalViewController.m in Sources */,
				CAE98FE825203DCF005C53E9 /* JHSWebViewViewController.m in Sources */,
				181485A6251B8FFB00FBD4C6 /* SceneDelegate.m in Sources */,
			);
			runOnlyForDeploymentPostprocessing = 0;
		};
		181485B5251B8FFE00FBD4C6 /* Sources */ = {
			isa = PBXSourcesBuildPhase;
			buildActionMask = 2147483647;
			files = (
				181485BE251B8FFE00FBD4C6 /* HeartSlowIOSTests.m in Sources */,
			);
			runOnlyForDeploymentPostprocessing = 0;
		};
		181485C0251B8FFE00FBD4C6 /* Sources */ = {
			isa = PBXSourcesBuildPhase;
			buildActionMask = 2147483647;
			files = (
				181485C9251B8FFE00FBD4C6 /* HeartSlowIOSUITests.m in Sources */,
			);
			runOnlyForDeploymentPostprocessing = 0;
		};
/* End PBXSourcesBuildPhase section */

/* Begin PBXTargetDependency section */
		181485BB251B8FFE00FBD4C6 /* PBXTargetDependency */ = {
			isa = PBXTargetDependency;
			target = 1814859D251B8FFB00FBD4C6 /* HeartSlowIOS */;
			targetProxy = 181485BA251B8FFE00FBD4C6 /* PBXContainerItemProxy */;
		};
		181485C6251B8FFE00FBD4C6 /* PBXTargetDependency */ = {
			isa = PBXTargetDependency;
			target = 1814859D251B8FFB00FBD4C6 /* HeartSlowIOS */;
			targetProxy = 181485C5251B8FFE00FBD4C6 /* PBXContainerItemProxy */;
		};
/* End PBXTargetDependency section */

/* Begin PBXVariantGroup section */
		181485AA251B8FFB00FBD4C6 /* Main.storyboard */ = {
			isa = PBXVariantGroup;
			children = (
				181485AB251B8FFB00FBD4C6 /* Base */,
			);
			name = Main.storyboard;
			sourceTree = "<group>";
		};
		181485AF251B8FFD00FBD4C6 /* LaunchScreen.storyboard */ = {
			isa = PBXVariantGroup;
			children = (
				181485B0251B8FFD00FBD4C6 /* Base */,
			);
			name = LaunchScreen.storyboard;
			sourceTree = "<group>";
		};
/* End PBXVariantGroup section */

/* Begin XCBuildConfiguration section */
		181485CB251B8FFE00FBD4C6 /* Debug */ = {
			isa = XCBuildConfiguration;
			buildSettings = {
				ALWAYS_SEARCH_USER_PATHS = NO;
				CLANG_ANALYZER_NONNULL = YES;
				CLANG_ANALYZER_NUMBER_OBJECT_CONVERSION = YES_AGGRESSIVE;
				CLANG_CXX_LANGUAGE_STANDARD = "gnu++14";
				CLANG_CXX_LIBRARY = "libc++";
				CLANG_ENABLE_MODULES = YES;
				CLANG_ENABLE_OBJC_ARC = YES;
				CLANG_ENABLE_OBJC_WEAK = YES;
				CLANG_WARN_BLOCK_CAPTURE_AUTORELEASING = YES;
				CLANG_WARN_BOOL_CONVERSION = YES;
				CLANG_WARN_COMMA = YES;
				CLANG_WARN_CONSTANT_CONVERSION = YES;
				CLANG_WARN_DEPRECATED_OBJC_IMPLEMENTATIONS = YES;
				CLANG_WARN_DIRECT_OBJC_ISA_USAGE = YES_ERROR;
				CLANG_WARN_DOCUMENTATION_COMMENTS = YES;
				CLANG_WARN_EMPTY_BODY = YES;
				CLANG_WARN_ENUM_CONVERSION = YES;
				CLANG_WARN_INFINITE_RECURSION = YES;
				CLANG_WARN_INT_CONVERSION = YES;
				CLANG_WARN_NON_LITERAL_NULL_CONVERSION = YES;
				CLANG_WARN_OBJC_IMPLICIT_RETAIN_SELF = YES;
				CLANG_WARN_OBJC_LITERAL_CONVERSION = YES;
				CLANG_WARN_OBJC_ROOT_CLASS = YES_ERROR;
				CLANG_WARN_RANGE_LOOP_ANALYSIS = YES;
				CLANG_WARN_STRICT_PROTOTYPES = YES;
				CLANG_WARN_SUSPICIOUS_MOVE = YES;
				CLANG_WARN_UNGUARDED_AVAILABILITY = YES_AGGRESSIVE;
				CLANG_WARN_UNREACHABLE_CODE = YES;
				CLANG_WARN__DUPLICATE_METHOD_MATCH = YES;
				COPY_PHASE_STRIP = NO;
				DEBUG_INFORMATION_FORMAT = dwarf;
				ENABLE_STRICT_OBJC_MSGSEND = YES;
				ENABLE_TESTABILITY = YES;
				GCC_C_LANGUAGE_STANDARD = gnu11;
				GCC_DYNAMIC_NO_PIC = NO;
				GCC_NO_COMMON_BLOCKS = YES;
				GCC_OPTIMIZATION_LEVEL = 0;
				GCC_PREPROCESSOR_DEFINITIONS = (
					"DEBUG=1",
					"$(inherited)",
				);
				GCC_WARN_64_TO_32_BIT_CONVERSION = YES;
				GCC_WARN_ABOUT_RETURN_TYPE = YES_ERROR;
				GCC_WARN_UNDECLARED_SELECTOR = YES;
				GCC_WARN_UNINITIALIZED_AUTOS = YES_AGGRESSIVE;
				GCC_WARN_UNUSED_FUNCTION = YES;
				GCC_WARN_UNUSED_VARIABLE = YES;
				IPHONEOS_DEPLOYMENT_TARGET = 13.2;
				MTL_ENABLE_DEBUG_INFO = INCLUDE_SOURCE;
				MTL_FAST_MATH = YES;
				ONLY_ACTIVE_ARCH = YES;
				SDKROOT = iphoneos;
			};
			name = Debug;
		};
		181485CC251B8FFE00FBD4C6 /* Release */ = {
			isa = XCBuildConfiguration;
			buildSettings = {
				ALWAYS_SEARCH_USER_PATHS = NO;
				CLANG_ANALYZER_NONNULL = YES;
				CLANG_ANALYZER_NUMBER_OBJECT_CONVERSION = YES_AGGRESSIVE;
				CLANG_CXX_LANGUAGE_STANDARD = "gnu++14";
				CLANG_CXX_LIBRARY = "libc++";
				CLANG_ENABLE_MODULES = YES;
				CLANG_ENABLE_OBJC_ARC = YES;
				CLANG_ENABLE_OBJC_WEAK = YES;
				CLANG_WARN_BLOCK_CAPTURE_AUTORELEASING = YES;
				CLANG_WARN_BOOL_CONVERSION = YES;
				CLANG_WARN_COMMA = YES;
				CLANG_WARN_CONSTANT_CONVERSION = YES;
				CLANG_WARN_DEPRECATED_OBJC_IMPLEMENTATIONS = YES;
				CLANG_WARN_DIRECT_OBJC_ISA_USAGE = YES_ERROR;
				CLANG_WARN_DOCUMENTATION_COMMENTS = YES;
				CLANG_WARN_EMPTY_BODY = YES;
				CLANG_WARN_ENUM_CONVERSION = YES;
				CLANG_WARN_INFINITE_RECURSION = YES;
				CLANG_WARN_INT_CONVERSION = YES;
				CLANG_WARN_NON_LITERAL_NULL_CONVERSION = YES;
				CLANG_WARN_OBJC_IMPLICIT_RETAIN_SELF = YES;
				CLANG_WARN_OBJC_LITERAL_CONVERSION = YES;
				CLANG_WARN_OBJC_ROOT_CLASS = YES_ERROR;
				CLANG_WARN_RANGE_LOOP_ANALYSIS = YES;
				CLANG_WARN_STRICT_PROTOTYPES = YES;
				CLANG_WARN_SUSPICIOUS_MOVE = YES;
				CLANG_WARN_UNGUARDED_AVAILABILITY = YES_AGGRESSIVE;
				CLANG_WARN_UNREACHABLE_CODE = YES;
				CLANG_WARN__DUPLICATE_METHOD_MATCH = YES;
				COPY_PHASE_STRIP = NO;
				DEBUG_INFORMATION_FORMAT = "dwarf-with-dsym";
				ENABLE_NS_ASSERTIONS = NO;
				ENABLE_STRICT_OBJC_MSGSEND = YES;
				GCC_C_LANGUAGE_STANDARD = gnu11;
				GCC_NO_COMMON_BLOCKS = YES;
				GCC_WARN_64_TO_32_BIT_CONVERSION = YES;
				GCC_WARN_ABOUT_RETURN_TYPE = YES_ERROR;
				GCC_WARN_UNDECLARED_SELECTOR = YES;
				GCC_WARN_UNINITIALIZED_AUTOS = YES_AGGRESSIVE;
				GCC_WARN_UNUSED_FUNCTION = YES;
				GCC_WARN_UNUSED_VARIABLE = YES;
				IPHONEOS_DEPLOYMENT_TARGET = 13.2;
				MTL_ENABLE_DEBUG_INFO = NO;
				MTL_FAST_MATH = YES;
				SDKROOT = iphoneos;
				VALIDATE_PRODUCT = YES;
			};
			name = Release;
		};
		181485CE251B8FFE00FBD4C6 /* Debug */ = {
			isa = XCBuildConfiguration;
			baseConfigurationReference = 0DF7A5AD4EB71170867D1F61 /* Pods-HeartSlowIOS.debug.xcconfig */;
			buildSettings = {
				ASSETCATALOG_COMPILER_APPICON_NAME = AppIcon;
				CODE_SIGN_STYLE = Automatic;
				INFOPLIST_FILE = HeartSlowIOS/Info.plist;
				LD_RUNPATH_SEARCH_PATHS = (
					"$(inherited)",
					"@executable_path/Frameworks",
				);
				PRODUCT_BUNDLE_IDENTIFIER = Eileenjiang.HeartSlowIOS;
				PRODUCT_NAME = "$(TARGET_NAME)";
				TARGETED_DEVICE_FAMILY = "1,2";
			};
			name = Debug;
		};
		181485CF251B8FFE00FBD4C6 /* Release */ = {
			isa = XCBuildConfiguration;
			baseConfigurationReference = 3C2181F46007DCBA1E5C760B /* Pods-HeartSlowIOS.release.xcconfig */;
			buildSettings = {
				ASSETCATALOG_COMPILER_APPICON_NAME = AppIcon;
				CODE_SIGN_STYLE = Automatic;
				INFOPLIST_FILE = HeartSlowIOS/Info.plist;
				LD_RUNPATH_SEARCH_PATHS = (
					"$(inherited)",
					"@executable_path/Frameworks",
				);
				PRODUCT_BUNDLE_IDENTIFIER = Eileenjiang.HeartSlowIOS;
				PRODUCT_NAME = "$(TARGET_NAME)";
				TARGETED_DEVICE_FAMILY = "1,2";
			};
			name = Release;
		};
		181485D1251B8FFE00FBD4C6 /* Debug */ = {
			isa = XCBuildConfiguration;
			buildSettings = {
				BUNDLE_LOADER = "$(TEST_HOST)";
				CODE_SIGN_STYLE = Automatic;
				INFOPLIST_FILE = HeartSlowIOSTests/Info.plist;
				IPHONEOS_DEPLOYMENT_TARGET = 13.2;
				LD_RUNPATH_SEARCH_PATHS = (
					"$(inherited)",
					"@executable_path/Frameworks",
					"@loader_path/Frameworks",
				);
				PRODUCT_BUNDLE_IDENTIFIER = Eileenjiang.HeartSlowIOSTests;
				PRODUCT_NAME = "$(TARGET_NAME)";
				TARGETED_DEVICE_FAMILY = "1,2";
				TEST_HOST = "$(BUILT_PRODUCTS_DIR)/HeartSlowIOS.app/HeartSlowIOS";
			};
			name = Debug;
		};
		181485D2251B8FFE00FBD4C6 /* Release */ = {
			isa = XCBuildConfiguration;
			buildSettings = {
				BUNDLE_LOADER = "$(TEST_HOST)";
				CODE_SIGN_STYLE = Automatic;
				INFOPLIST_FILE = HeartSlowIOSTests/Info.plist;
				IPHONEOS_DEPLOYMENT_TARGET = 13.2;
				LD_RUNPATH_SEARCH_PATHS = (
					"$(inherited)",
					"@executable_path/Frameworks",
					"@loader_path/Frameworks",
				);
				PRODUCT_BUNDLE_IDENTIFIER = Eileenjiang.HeartSlowIOSTests;
				PRODUCT_NAME = "$(TARGET_NAME)";
				TARGETED_DEVICE_FAMILY = "1,2";
				TEST_HOST = "$(BUILT_PRODUCTS_DIR)/HeartSlowIOS.app/HeartSlowIOS";
			};
			name = Release;
		};
		181485D4251B8FFE00FBD4C6 /* Debug */ = {
			isa = XCBuildConfiguration;
			buildSettings = {
				CODE_SIGN_STYLE = Automatic;
				INFOPLIST_FILE = HeartSlowIOSUITests/Info.plist;
				LD_RUNPATH_SEARCH_PATHS = (
					"$(inherited)",
					"@executable_path/Frameworks",
					"@loader_path/Frameworks",
				);
				PRODUCT_BUNDLE_IDENTIFIER = Eileenjiang.HeartSlowIOSUITests;
				PRODUCT_NAME = "$(TARGET_NAME)";
				TARGETED_DEVICE_FAMILY = "1,2";
				TEST_TARGET_NAME = HeartSlowIOS;
			};
			name = Debug;
		};
		181485D5251B8FFE00FBD4C6 /* Release */ = {
			isa = XCBuildConfiguration;
			buildSettings = {
				CODE_SIGN_STYLE = Automatic;
				INFOPLIST_FILE = HeartSlowIOSUITests/Info.plist;
				LD_RUNPATH_SEARCH_PATHS = (
					"$(inherited)",
					"@executable_path/Frameworks",
					"@loader_path/Frameworks",
				);
				PRODUCT_BUNDLE_IDENTIFIER = Eileenjiang.HeartSlowIOSUITests;
				PRODUCT_NAME = "$(TARGET_NAME)";
				TARGETED_DEVICE_FAMILY = "1,2";
				TEST_TARGET_NAME = HeartSlowIOS;
			};
			name = Release;
		};
/* End XCBuildConfiguration section */

/* Begin XCConfigurationList section */
		18148599251B8FFB00FBD4C6 /* Build configuration list for PBXProject "HeartSlowIOS" */ = {
			isa = XCConfigurationList;
			buildConfigurations = (
				181485CB251B8FFE00FBD4C6 /* Debug */,
				181485CC251B8FFE00FBD4C6 /* Release */,
			);
			defaultConfigurationIsVisible = 0;
			defaultConfigurationName = Release;
		};
		181485CD251B8FFE00FBD4C6 /* Build configuration list for PBXNativeTarget "HeartSlowIOS" */ = {
			isa = XCConfigurationList;
			buildConfigurations = (
				181485CE251B8FFE00FBD4C6 /* Debug */,
				181485CF251B8FFE00FBD4C6 /* Release */,
			);
			defaultConfigurationIsVisible = 0;
			defaultConfigurationName = Release;
		};
		181485D0251B8FFE00FBD4C6 /* Build configuration list for PBXNativeTarget "HeartSlowIOSTests" */ = {
			isa = XCConfigurationList;
			buildConfigurations = (
				181485D1251B8FFE00FBD4C6 /* Debug */,
				181485D2251B8FFE00FBD4C6 /* Release */,
			);
			defaultConfigurationIsVisible = 0;
			defaultConfigurationName = Release;
		};
		181485D3251B8FFE00FBD4C6 /* Build configuration list for PBXNativeTarget "HeartSlowIOSUITests" */ = {
			isa = XCConfigurationList;
			buildConfigurations = (
				181485D4251B8FFE00FBD4C6 /* Debug */,
				181485D5251B8FFE00FBD4C6 /* Release */,
			);
			defaultConfigurationIsVisible = 0;
			defaultConfigurationName = Release;
		};
/* End XCConfigurationList section */
	};
	rootObject = 18148596251B8FFB00FBD4C6 /* Project object */;
}
